// !$*UTF8*$!
{
	archiveVersion = 1;
	classes = {
	};
	objectVersion = 56;
	objects = {

/* Begin PBXBuildFile section */
		04BD70692A42959200342938 /* TableViewActivityCell.swift in Sources */ = {isa = PBXBuildFile; fileRef = 04BD70682A42959200342938 /* TableViewActivityCell.swift */; };
		04BD706D2A429FE800342938 /* TableViewSavedActivityCell.swift in Sources */ = {isa = PBXBuildFile; fileRef = 04BD706C2A429FE800342938 /* TableViewSavedActivityCell.swift */; };
		0ADB382D2A48175200C64C5A /* Login.swift in Sources */ = {isa = PBXBuildFile; fileRef = 0ADB382C2A48175200C64C5A /* Login.swift */; };
		0ADB382F2A48185900C64C5A /* APIConfigs.swift in Sources */ = {isa = PBXBuildFile; fileRef = 0ADB382E2A48185900C64C5A /* APIConfigs.swift */; };
		0ADB38312A481C8300C64C5A /* User.swift in Sources */ = {isa = PBXBuildFile; fileRef = 0ADB38302A481C8300C64C5A /* User.swift */; };
		0ADB38332A48226600C64C5A /* Register.swift in Sources */ = {isa = PBXBuildFile; fileRef = 0ADB38322A48226600C64C5A /* Register.swift */; };
		0ADB38352A4825F800C64C5A /* UserDetails.swift in Sources */ = {isa = PBXBuildFile; fileRef = 0ADB38342A4825F800C64C5A /* UserDetails.swift */; };
		0ADB38392A48359C00C64C5A /* Post.swift in Sources */ = {isa = PBXBuildFile; fileRef = 0ADB38382A48359C00C64C5A /* Post.swift */; };
		0ADB383B2A484DEA00C64C5A /* Utils.swift in Sources */ = {isa = PBXBuildFile; fileRef = 0ADB383A2A484DEA00C64C5A /* Utils.swift */; };
		0ADB38452A48777C00C64C5A /* BathtubView.swift in Sources */ = {isa = PBXBuildFile; fileRef = 0ADB38442A48777C00C64C5A /* BathtubView.swift */; };
		0ADB38472A48778700C64C5A /* BathtubViewController.swift in Sources */ = {isa = PBXBuildFile; fileRef = 0ADB38462A48778700C64C5A /* BathtubViewController.swift */; };
		0ADB38492A48779700C64C5A /* BathtubTableViewCell.swift in Sources */ = {isa = PBXBuildFile; fileRef = 0ADB38482A48779700C64C5A /* BathtubTableViewCell.swift */; };
		37F7CE40827000F9976A30CF /* Pods_DripDropLearning_DripDropLearningUITests.framework in Frameworks */ = {isa = PBXBuildFile; fileRef = 438398D72195D7F490F1A9BD /* Pods_DripDropLearning_DripDropLearningUITests.framework */; };
		B54E8849B7560CFC47241FA0 /* Pods_DripDropLearning.framework in Frameworks */ = {isa = PBXBuildFile; fileRef = 0B2A6E463C1BCD6CE41A2A00 /* Pods_DripDropLearning.framework */; };
		DEDF44AB72F0537FCC3B0353 /* Pods_DripDropLearningTests.framework in Frameworks */ = {isa = PBXBuildFile; fileRef = 491C358BCD6D3E0C3C717981 /* Pods_DripDropLearningTests.framework */; };
		EF1A2B902A3D595D002C8CCA /* AppDelegate.swift in Sources */ = {isa = PBXBuildFile; fileRef = EF1A2B8F2A3D595D002C8CCA /* AppDelegate.swift */; };
		EF1A2B922A3D595D002C8CCA /* SceneDelegate.swift in Sources */ = {isa = PBXBuildFile; fileRef = EF1A2B912A3D595D002C8CCA /* SceneDelegate.swift */; };
		EF1A2B942A3D595D002C8CCA /* ViewController.swift in Sources */ = {isa = PBXBuildFile; fileRef = EF1A2B932A3D595D002C8CCA /* ViewController.swift */; };
		EF1A2B972A3D595D002C8CCA /* Main.storyboard in Resources */ = {isa = PBXBuildFile; fileRef = EF1A2B952A3D595D002C8CCA /* Main.storyboard */; };
		EF1A2B992A3D595F002C8CCA /* Assets.xcassets in Resources */ = {isa = PBXBuildFile; fileRef = EF1A2B982A3D595F002C8CCA /* Assets.xcassets */; };
		EF1A2B9C2A3D595F002C8CCA /* LaunchScreen.storyboard in Resources */ = {isa = PBXBuildFile; fileRef = EF1A2B9A2A3D595F002C8CCA /* LaunchScreen.storyboard */; };
		EF1A2BA72A3D595F002C8CCA /* DripDropLearningTests.swift in Sources */ = {isa = PBXBuildFile; fileRef = EF1A2BA62A3D595F002C8CCA /* DripDropLearningTests.swift */; };
		EF1A2BB12A3D595F002C8CCA /* DripDropLearningUITests.swift in Sources */ = {isa = PBXBuildFile; fileRef = EF1A2BB02A3D595F002C8CCA /* DripDropLearningUITests.swift */; };
		EF1A2BB32A3D595F002C8CCA /* DripDropLearningUITestsLaunchTests.swift in Sources */ = {isa = PBXBuildFile; fileRef = EF1A2BB22A3D595F002C8CCA /* DripDropLearningUITestsLaunchTests.swift */; };
		EF1A2BC32A412010002C8CCA /* LoginView.swift in Sources */ = {isa = PBXBuildFile; fileRef = EF1A2BC22A412010002C8CCA /* LoginView.swift */; };
		EF1A2BC72A412D03002C8CCA /* RegisterView.swift in Sources */ = {isa = PBXBuildFile; fileRef = EF1A2BC62A412D03002C8CCA /* RegisterView.swift */; };
		EF1A2BC92A412D11002C8CCA /* RegisterViewController.swift in Sources */ = {isa = PBXBuildFile; fileRef = EF1A2BC82A412D11002C8CCA /* RegisterViewController.swift */; };
		EF1A2C0B2A412F7C002C8CCA /* ProfileView.swift in Sources */ = {isa = PBXBuildFile; fileRef = EF1A2C0A2A412F7C002C8CCA /* ProfileView.swift */; };
		EF1A2C0D2A412F8C002C8CCA /* ProfileViewController.swift in Sources */ = {isa = PBXBuildFile; fileRef = EF1A2C0C2A412F8C002C8CCA /* ProfileViewController.swift */; };
		EF1A2C132A413306002C8CCA /* SavedViewController.swift in Sources */ = {isa = PBXBuildFile; fileRef = EF1A2C122A413306002C8CCA /* SavedViewController.swift */; };
		EF1A2C152A413312002C8CCA /* SavedView.swift in Sources */ = {isa = PBXBuildFile; fileRef = EF1A2C142A413312002C8CCA /* SavedView.swift */; };
		EF1A2C1B2A4133BD002C8CCA /* HomeViewController.swift in Sources */ = {isa = PBXBuildFile; fileRef = EF1A2C1A2A4133BD002C8CCA /* HomeViewController.swift */; };
		EF1A2C1D2A4133C9002C8CCA /* HomeView.swift in Sources */ = {isa = PBXBuildFile; fileRef = EF1A2C1C2A4133C9002C8CCA /* HomeView.swift */; };
		EF1A2C1F2A4133D5002C8CCA /* FilterView.swift in Sources */ = {isa = PBXBuildFile; fileRef = EF1A2C1E2A4133D5002C8CCA /* FilterView.swift */; };
		EF1A2C212A4133E2002C8CCA /* FilterViewController.swift in Sources */ = {isa = PBXBuildFile; fileRef = EF1A2C202A4133E2002C8CCA /* FilterViewController.swift */; };
/* End PBXBuildFile section */

/* Begin PBXContainerItemProxy section */
		EF1A2BA32A3D595F002C8CCA /* PBXContainerItemProxy */ = {
			isa = PBXContainerItemProxy;
			containerPortal = EF1A2B842A3D595D002C8CCA /* Project object */;
			proxyType = 1;
			remoteGlobalIDString = EF1A2B8B2A3D595D002C8CCA;
			remoteInfo = DripDropLearning;
		};
		EF1A2BAD2A3D595F002C8CCA /* PBXContainerItemProxy */ = {
			isa = PBXContainerItemProxy;
			containerPortal = EF1A2B842A3D595D002C8CCA /* Project object */;
			proxyType = 1;
			remoteGlobalIDString = EF1A2B8B2A3D595D002C8CCA;
			remoteInfo = DripDropLearning;
		};
/* End PBXContainerItemProxy section */

/* Begin PBXFileReference section */
		04BD70682A42959200342938 /* TableViewActivityCell.swift */ = {isa = PBXFileReference; lastKnownFileType = sourcecode.swift; path = TableViewActivityCell.swift; sourceTree = "<group>"; };
		04BD706C2A429FE800342938 /* TableViewSavedActivityCell.swift */ = {isa = PBXFileReference; lastKnownFileType = sourcecode.swift; path = TableViewSavedActivityCell.swift; sourceTree = "<group>"; };
		0ADB382C2A48175200C64C5A /* Login.swift */ = {isa = PBXFileReference; lastKnownFileType = sourcecode.swift; path = Login.swift; sourceTree = "<group>"; };
		0ADB382E2A48185900C64C5A /* APIConfigs.swift */ = {isa = PBXFileReference; lastKnownFileType = sourcecode.swift; path = APIConfigs.swift; sourceTree = "<group>"; };
		0ADB38302A481C8300C64C5A /* User.swift */ = {isa = PBXFileReference; lastKnownFileType = sourcecode.swift; path = User.swift; sourceTree = "<group>"; };
		0ADB38322A48226600C64C5A /* Register.swift */ = {isa = PBXFileReference; lastKnownFileType = sourcecode.swift; path = Register.swift; sourceTree = "<group>"; };
		0ADB38342A4825F800C64C5A /* UserDetails.swift */ = {isa = PBXFileReference; lastKnownFileType = sourcecode.swift; path = UserDetails.swift; sourceTree = "<group>"; };
		0ADB38382A48359C00C64C5A /* Post.swift */ = {isa = PBXFileReference; lastKnownFileType = sourcecode.swift; path = Post.swift; sourceTree = "<group>"; };
		0ADB383A2A484DEA00C64C5A /* Utils.swift */ = {isa = PBXFileReference; lastKnownFileType = sourcecode.swift; path = Utils.swift; sourceTree = "<group>"; };
		0ADB38442A48777C00C64C5A /* BathtubView.swift */ = {isa = PBXFileReference; lastKnownFileType = sourcecode.swift; path = BathtubView.swift; sourceTree = "<group>"; };
		0ADB38462A48778700C64C5A /* BathtubViewController.swift */ = {isa = PBXFileReference; lastKnownFileType = sourcecode.swift; path = BathtubViewController.swift; sourceTree = "<group>"; };
		0ADB38482A48779700C64C5A /* BathtubTableViewCell.swift */ = {isa = PBXFileReference; lastKnownFileType = sourcecode.swift; path = BathtubTableViewCell.swift; sourceTree = "<group>"; };
		0B2A6E463C1BCD6CE41A2A00 /* Pods_DripDropLearning.framework */ = {isa = PBXFileReference; explicitFileType = wrapper.framework; includeInIndex = 0; path = Pods_DripDropLearning.framework; sourceTree = BUILT_PRODUCTS_DIR; };
		2C144BBC8C4F26773263E0EB /* Pods-DripDropLearning-DripDropLearningUITests.debug.xcconfig */ = {isa = PBXFileReference; includeInIndex = 1; lastKnownFileType = text.xcconfig; name = "Pods-DripDropLearning-DripDropLearningUITests.debug.xcconfig"; path = "Target Support Files/Pods-DripDropLearning-DripDropLearningUITests/Pods-DripDropLearning-DripDropLearningUITests.debug.xcconfig"; sourceTree = "<group>"; };
		38E48EFF2624BE885703CFAA /* Pods-DripDropLearningTests.release.xcconfig */ = {isa = PBXFileReference; includeInIndex = 1; lastKnownFileType = text.xcconfig; name = "Pods-DripDropLearningTests.release.xcconfig"; path = "Target Support Files/Pods-DripDropLearningTests/Pods-DripDropLearningTests.release.xcconfig"; sourceTree = "<group>"; };
		438398D72195D7F490F1A9BD /* Pods_DripDropLearning_DripDropLearningUITests.framework */ = {isa = PBXFileReference; explicitFileType = wrapper.framework; includeInIndex = 0; path = Pods_DripDropLearning_DripDropLearningUITests.framework; sourceTree = BUILT_PRODUCTS_DIR; };
		491C358BCD6D3E0C3C717981 /* Pods_DripDropLearningTests.framework */ = {isa = PBXFileReference; explicitFileType = wrapper.framework; includeInIndex = 0; path = Pods_DripDropLearningTests.framework; sourceTree = BUILT_PRODUCTS_DIR; };
		60E9E344203A1D1CC76D0612 /* Pods-DripDropLearningTests.debug.xcconfig */ = {isa = PBXFileReference; includeInIndex = 1; lastKnownFileType = text.xcconfig; name = "Pods-DripDropLearningTests.debug.xcconfig"; path = "Target Support Files/Pods-DripDropLearningTests/Pods-DripDropLearningTests.debug.xcconfig"; sourceTree = "<group>"; };
		62F26C157EA78F7899C520F0 /* Pods-DripDropLearning-DripDropLearningUITests.release.xcconfig */ = {isa = PBXFileReference; includeInIndex = 1; lastKnownFileType = text.xcconfig; name = "Pods-DripDropLearning-DripDropLearningUITests.release.xcconfig"; path = "Target Support Files/Pods-DripDropLearning-DripDropLearningUITests/Pods-DripDropLearning-DripDropLearningUITests.release.xcconfig"; sourceTree = "<group>"; };
		992582098391EF280FC68865 /* Pods-DripDropLearning.debug.xcconfig */ = {isa = PBXFileReference; includeInIndex = 1; lastKnownFileType = text.xcconfig; name = "Pods-DripDropLearning.debug.xcconfig"; path = "Target Support Files/Pods-DripDropLearning/Pods-DripDropLearning.debug.xcconfig"; sourceTree = "<group>"; };
		EF1A2B8C2A3D595D002C8CCA /* DripDropLearning.app */ = {isa = PBXFileReference; explicitFileType = wrapper.application; includeInIndex = 0; path = DripDropLearning.app; sourceTree = BUILT_PRODUCTS_DIR; };
		EF1A2B8F2A3D595D002C8CCA /* AppDelegate.swift */ = {isa = PBXFileReference; lastKnownFileType = sourcecode.swift; path = AppDelegate.swift; sourceTree = "<group>"; };
		EF1A2B912A3D595D002C8CCA /* SceneDelegate.swift */ = {isa = PBXFileReference; lastKnownFileType = sourcecode.swift; path = SceneDelegate.swift; sourceTree = "<group>"; };
		EF1A2B932A3D595D002C8CCA /* ViewController.swift */ = {isa = PBXFileReference; lastKnownFileType = sourcecode.swift; path = ViewController.swift; sourceTree = "<group>"; };
		EF1A2B962A3D595D002C8CCA /* Base */ = {isa = PBXFileReference; lastKnownFileType = file.storyboard; name = Base; path = Base.lproj/Main.storyboard; sourceTree = "<group>"; };
		EF1A2B982A3D595F002C8CCA /* Assets.xcassets */ = {isa = PBXFileReference; lastKnownFileType = folder.assetcatalog; path = Assets.xcassets; sourceTree = "<group>"; };
		EF1A2B9B2A3D595F002C8CCA /* Base */ = {isa = PBXFileReference; lastKnownFileType = file.storyboard; name = Base; path = Base.lproj/LaunchScreen.storyboard; sourceTree = "<group>"; };
		EF1A2B9D2A3D595F002C8CCA /* Info.plist */ = {isa = PBXFileReference; lastKnownFileType = text.plist.xml; path = Info.plist; sourceTree = "<group>"; };
		EF1A2BA22A3D595F002C8CCA /* DripDropLearningTests.xctest */ = {isa = PBXFileReference; explicitFileType = wrapper.cfbundle; includeInIndex = 0; path = DripDropLearningTests.xctest; sourceTree = BUILT_PRODUCTS_DIR; };
		EF1A2BA62A3D595F002C8CCA /* DripDropLearningTests.swift */ = {isa = PBXFileReference; lastKnownFileType = sourcecode.swift; path = DripDropLearningTests.swift; sourceTree = "<group>"; };
		EF1A2BAC2A3D595F002C8CCA /* DripDropLearningUITests.xctest */ = {isa = PBXFileReference; explicitFileType = wrapper.cfbundle; includeInIndex = 0; path = DripDropLearningUITests.xctest; sourceTree = BUILT_PRODUCTS_DIR; };
		EF1A2BB02A3D595F002C8CCA /* DripDropLearningUITests.swift */ = {isa = PBXFileReference; lastKnownFileType = sourcecode.swift; path = DripDropLearningUITests.swift; sourceTree = "<group>"; };
		EF1A2BB22A3D595F002C8CCA /* DripDropLearningUITestsLaunchTests.swift */ = {isa = PBXFileReference; lastKnownFileType = sourcecode.swift; path = DripDropLearningUITestsLaunchTests.swift; sourceTree = "<group>"; };
		EF1A2BC22A412010002C8CCA /* LoginView.swift */ = {isa = PBXFileReference; lastKnownFileType = sourcecode.swift; path = LoginView.swift; sourceTree = "<group>"; };
		EF1A2BC62A412D03002C8CCA /* RegisterView.swift */ = {isa = PBXFileReference; lastKnownFileType = sourcecode.swift; path = RegisterView.swift; sourceTree = "<group>"; };
		EF1A2BC82A412D11002C8CCA /* RegisterViewController.swift */ = {isa = PBXFileReference; lastKnownFileType = sourcecode.swift; path = RegisterViewController.swift; sourceTree = "<group>"; };
		EF1A2C0A2A412F7C002C8CCA /* ProfileView.swift */ = {isa = PBXFileReference; lastKnownFileType = sourcecode.swift; path = ProfileView.swift; sourceTree = "<group>"; };
		EF1A2C0C2A412F8C002C8CCA /* ProfileViewController.swift */ = {isa = PBXFileReference; lastKnownFileType = sourcecode.swift; path = ProfileViewController.swift; sourceTree = "<group>"; };
		EF1A2C122A413306002C8CCA /* SavedViewController.swift */ = {isa = PBXFileReference; lastKnownFileType = sourcecode.swift; path = SavedViewController.swift; sourceTree = "<group>"; };
		EF1A2C142A413312002C8CCA /* SavedView.swift */ = {isa = PBXFileReference; lastKnownFileType = sourcecode.swift; path = SavedView.swift; sourceTree = "<group>"; };
		EF1A2C1A2A4133BD002C8CCA /* HomeViewController.swift */ = {isa = PBXFileReference; lastKnownFileType = sourcecode.swift; path = HomeViewController.swift; sourceTree = "<group>"; };
		EF1A2C1C2A4133C9002C8CCA /* HomeView.swift */ = {isa = PBXFileReference; lastKnownFileType = sourcecode.swift; path = HomeView.swift; sourceTree = "<group>"; };
		EF1A2C1E2A4133D5002C8CCA /* FilterView.swift */ = {isa = PBXFileReference; lastKnownFileType = sourcecode.swift; path = FilterView.swift; sourceTree = "<group>"; };
		EF1A2C202A4133E2002C8CCA /* FilterViewController.swift */ = {isa = PBXFileReference; lastKnownFileType = sourcecode.swift; path = FilterViewController.swift; sourceTree = "<group>"; };
		F28B9FD1D14AE8893A51CB14 /* Pods-DripDropLearning.release.xcconfig */ = {isa = PBXFileReference; includeInIndex = 1; lastKnownFileType = text.xcconfig; name = "Pods-DripDropLearning.release.xcconfig"; path = "Target Support Files/Pods-DripDropLearning/Pods-DripDropLearning.release.xcconfig"; sourceTree = "<group>"; };
/* End PBXFileReference section */

/* Begin PBXFrameworksBuildPhase section */
		EF1A2B892A3D595D002C8CCA /* Frameworks */ = {
			isa = PBXFrameworksBuildPhase;
			buildActionMask = 2147483647;
			files = (
				B54E8849B7560CFC47241FA0 /* Pods_DripDropLearning.framework in Frameworks */,
			);
			runOnlyForDeploymentPostprocessing = 0;
		};
		EF1A2B9F2A3D595F002C8CCA /* Frameworks */ = {
			isa = PBXFrameworksBuildPhase;
			buildActionMask = 2147483647;
			files = (
				DEDF44AB72F0537FCC3B0353 /* Pods_DripDropLearningTests.framework in Frameworks */,
			);
			runOnlyForDeploymentPostprocessing = 0;
		};
		EF1A2BA92A3D595F002C8CCA /* Frameworks */ = {
			isa = PBXFrameworksBuildPhase;
			buildActionMask = 2147483647;
			files = (
				37F7CE40827000F9976A30CF /* Pods_DripDropLearning_DripDropLearningUITests.framework in Frameworks */,
			);
			runOnlyForDeploymentPostprocessing = 0;
		};
/* End PBXFrameworksBuildPhase section */

/* Begin PBXGroup section */
		0ADB382B2A48172F00C64C5A /* Data Models */ = {
			isa = PBXGroup;
			children = (
				0ADB382C2A48175200C64C5A /* Login.swift */,
				0ADB38302A481C8300C64C5A /* User.swift */,
				0ADB38322A48226600C64C5A /* Register.swift */,
				0ADB38342A4825F800C64C5A /* UserDetails.swift */,
				0ADB38382A48359C00C64C5A /* Post.swift */,
			);
			path = "Data Models";
			sourceTree = "<group>";
		};
		0ADB38432A48775E00C64C5A /* Bathtub Screen */ = {
			isa = PBXGroup;
			children = (
				0ADB38442A48777C00C64C5A /* BathtubView.swift */,
				0ADB38462A48778700C64C5A /* BathtubViewController.swift */,
				0ADB38482A48779700C64C5A /* BathtubTableViewCell.swift */,
			);
			path = "Bathtub Screen";
			sourceTree = "<group>";
		};
		54725D7495235220BF247602 /* Pods */ = {
			isa = PBXGroup;
			children = (
				992582098391EF280FC68865 /* Pods-DripDropLearning.debug.xcconfig */,
				F28B9FD1D14AE8893A51CB14 /* Pods-DripDropLearning.release.xcconfig */,
				2C144BBC8C4F26773263E0EB /* Pods-DripDropLearning-DripDropLearningUITests.debug.xcconfig */,
				62F26C157EA78F7899C520F0 /* Pods-DripDropLearning-DripDropLearningUITests.release.xcconfig */,
				60E9E344203A1D1CC76D0612 /* Pods-DripDropLearningTests.debug.xcconfig */,
				38E48EFF2624BE885703CFAA /* Pods-DripDropLearningTests.release.xcconfig */,
			);
			path = Pods;
			sourceTree = "<group>";
		};
		B0B5530F2634EC1618F0BF4D /* Frameworks */ = {
			isa = PBXGroup;
			children = (
				0B2A6E463C1BCD6CE41A2A00 /* Pods_DripDropLearning.framework */,
				438398D72195D7F490F1A9BD /* Pods_DripDropLearning_DripDropLearningUITests.framework */,
				491C358BCD6D3E0C3C717981 /* Pods_DripDropLearningTests.framework */,
			);
			name = Frameworks;
			sourceTree = "<group>";
		};
		EF1A2B832A3D595D002C8CCA = {
			isa = PBXGroup;
			children = (
				EF1A2B8E2A3D595D002C8CCA /* DripDropLearning */,
				EF1A2BA52A3D595F002C8CCA /* DripDropLearningTests */,
				EF1A2BAF2A3D595F002C8CCA /* DripDropLearningUITests */,
				EF1A2B8D2A3D595D002C8CCA /* Products */,
				54725D7495235220BF247602 /* Pods */,
				B0B5530F2634EC1618F0BF4D /* Frameworks */,
			);
			sourceTree = "<group>";
		};
		EF1A2B8D2A3D595D002C8CCA /* Products */ = {
			isa = PBXGroup;
			children = (
				EF1A2B8C2A3D595D002C8CCA /* DripDropLearning.app */,
				EF1A2BA22A3D595F002C8CCA /* DripDropLearningTests.xctest */,
				EF1A2BAC2A3D595F002C8CCA /* DripDropLearningUITests.xctest */,
			);
			name = Products;
			sourceTree = "<group>";
		};
		EF1A2B8E2A3D595D002C8CCA /* DripDropLearning */ = {
			isa = PBXGroup;
			children = (
				0ADB382E2A48185900C64C5A /* APIConfigs.swift */,
				0ADB383A2A484DEA00C64C5A /* Utils.swift */,
				0ADB382B2A48172F00C64C5A /* Data Models */,
				EF1A2BC52A412C88002C8CCA /* Register Screen */,
				EF1A2BC12A411EA7002C8CCA /* Login Screen */,
				EF1A2C092A412F5E002C8CCA /* Profile Screen */,
				EF1A2C112A4132E9002C8CCA /* Saved Screen */,
				0ADB38432A48775E00C64C5A /* Bathtub Screen */,
				EF1A2C0E2A4132B8002C8CCA /* Home Screen */,
				EF1A2B8F2A3D595D002C8CCA /* AppDelegate.swift */,
				EF1A2B912A3D595D002C8CCA /* SceneDelegate.swift */,
				EF1A2B952A3D595D002C8CCA /* Main.storyboard */,
				EF1A2B982A3D595F002C8CCA /* Assets.xcassets */,
				EF1A2B9A2A3D595F002C8CCA /* LaunchScreen.storyboard */,
				EF1A2B9D2A3D595F002C8CCA /* Info.plist */,
			);
			path = DripDropLearning;
			sourceTree = "<group>";
		};
		EF1A2BA52A3D595F002C8CCA /* DripDropLearningTests */ = {
			isa = PBXGroup;
			children = (
				EF1A2BA62A3D595F002C8CCA /* DripDropLearningTests.swift */,
			);
			path = DripDropLearningTests;
			sourceTree = "<group>";
		};
		EF1A2BAF2A3D595F002C8CCA /* DripDropLearningUITests */ = {
			isa = PBXGroup;
			children = (
				EF1A2BB02A3D595F002C8CCA /* DripDropLearningUITests.swift */,
				EF1A2BB22A3D595F002C8CCA /* DripDropLearningUITestsLaunchTests.swift */,
			);
			path = DripDropLearningUITests;
			sourceTree = "<group>";
		};
		EF1A2BC12A411EA7002C8CCA /* Login Screen */ = {
			isa = PBXGroup;
			children = (
				EF1A2BC22A412010002C8CCA /* LoginView.swift */,
				EF1A2B932A3D595D002C8CCA /* ViewController.swift */,
			);
			path = "Login Screen";
			sourceTree = "<group>";
		};
		EF1A2BC52A412C88002C8CCA /* Register Screen */ = {
			isa = PBXGroup;
			children = (
				EF1A2BC62A412D03002C8CCA /* RegisterView.swift */,
				EF1A2BC82A412D11002C8CCA /* RegisterViewController.swift */,
			);
			path = "Register Screen";
			sourceTree = "<group>";
		};
		EF1A2C092A412F5E002C8CCA /* Profile Screen */ = {
			isa = PBXGroup;
			children = (
				EF1A2C0A2A412F7C002C8CCA /* ProfileView.swift */,
				EF1A2C0C2A412F8C002C8CCA /* ProfileViewController.swift */,
			);
			path = "Profile Screen";
			sourceTree = "<group>";
		};
		EF1A2C0E2A4132B8002C8CCA /* Home Screen */ = {
			isa = PBXGroup;
			children = (
				EF1A2C1A2A4133BD002C8CCA /* HomeViewController.swift */,
				EF1A2C1C2A4133C9002C8CCA /* HomeView.swift */,
				04BD70682A42959200342938 /* TableViewActivityCell.swift */,
				EF1A2C0F2A4132C6002C8CCA /* Filter Screen */,
			);
			path = "Home Screen";
			sourceTree = "<group>";
		};
		EF1A2C0F2A4132C6002C8CCA /* Filter Screen */ = {
			isa = PBXGroup;
			children = (
				EF1A2C1E2A4133D5002C8CCA /* FilterView.swift */,
				EF1A2C202A4133E2002C8CCA /* FilterViewController.swift */,
			);
			path = "Filter Screen";
			sourceTree = "<group>";
		};
		EF1A2C112A4132E9002C8CCA /* Saved Screen */ = {
			isa = PBXGroup;
			children = (
				EF1A2C142A413312002C8CCA /* SavedView.swift */,
				EF1A2C122A413306002C8CCA /* SavedViewController.swift */,
				04BD706C2A429FE800342938 /* TableViewSavedActivityCell.swift */,
			);
			path = "Saved Screen";
			sourceTree = "<group>";
		};
/* End PBXGroup section */

/* Begin PBXNativeTarget section */
		EF1A2B8B2A3D595D002C8CCA /* DripDropLearning */ = {
			isa = PBXNativeTarget;
			buildConfigurationList = EF1A2BB62A3D595F002C8CCA /* Build configuration list for PBXNativeTarget "DripDropLearning" */;
			buildPhases = (
				F3F7A61723C177E3663ED4E1 /* [CP] Check Pods Manifest.lock */,
				EF1A2B882A3D595D002C8CCA /* Sources */,
				EF1A2B892A3D595D002C8CCA /* Frameworks */,
				EF1A2B8A2A3D595D002C8CCA /* Resources */,
				7681798C7291652A391E0639 /* [CP] Embed Pods Frameworks */,
			);
			buildRules = (
			);
			dependencies = (
			);
			name = DripDropLearning;
			productName = DripDropLearning;
			productReference = EF1A2B8C2A3D595D002C8CCA /* DripDropLearning.app */;
			productType = "com.apple.product-type.application";
		};
		EF1A2BA12A3D595F002C8CCA /* DripDropLearningTests */ = {
			isa = PBXNativeTarget;
			buildConfigurationList = EF1A2BB92A3D595F002C8CCA /* Build configuration list for PBXNativeTarget "DripDropLearningTests" */;
			buildPhases = (
				9F06EFBA7B15CE55D9003D64 /* [CP] Check Pods Manifest.lock */,
				EF1A2B9E2A3D595F002C8CCA /* Sources */,
				EF1A2B9F2A3D595F002C8CCA /* Frameworks */,
				EF1A2BA02A3D595F002C8CCA /* Resources */,
			);
			buildRules = (
			);
			dependencies = (
				EF1A2BA42A3D595F002C8CCA /* PBXTargetDependency */,
			);
			name = DripDropLearningTests;
			productName = DripDropLearningTests;
			productReference = EF1A2BA22A3D595F002C8CCA /* DripDropLearningTests.xctest */;
			productType = "com.apple.product-type.bundle.unit-test";
		};
		EF1A2BAB2A3D595F002C8CCA /* DripDropLearningUITests */ = {
			isa = PBXNativeTarget;
			buildConfigurationList = EF1A2BBC2A3D595F002C8CCA /* Build configuration list for PBXNativeTarget "DripDropLearningUITests" */;
			buildPhases = (
				8A6F0F4405FFEC1E4DE26704 /* [CP] Check Pods Manifest.lock */,
				EF1A2BA82A3D595F002C8CCA /* Sources */,
				EF1A2BA92A3D595F002C8CCA /* Frameworks */,
				EF1A2BAA2A3D595F002C8CCA /* Resources */,
				EA682013F0F6B31A895B63A0 /* [CP] Embed Pods Frameworks */,
			);
			buildRules = (
			);
			dependencies = (
				EF1A2BAE2A3D595F002C8CCA /* PBXTargetDependency */,
			);
			name = DripDropLearningUITests;
			productName = DripDropLearningUITests;
			productReference = EF1A2BAC2A3D595F002C8CCA /* DripDropLearningUITests.xctest */;
			productType = "com.apple.product-type.bundle.ui-testing";
		};
/* End PBXNativeTarget section */

/* Begin PBXProject section */
		EF1A2B842A3D595D002C8CCA /* Project object */ = {
			isa = PBXProject;
			attributes = {
				BuildIndependentTargetsInParallel = 1;
				LastSwiftUpdateCheck = 1430;
				LastUpgradeCheck = 1430;
				TargetAttributes = {
					EF1A2B8B2A3D595D002C8CCA = {
						CreatedOnToolsVersion = 14.3.1;
					};
					EF1A2BA12A3D595F002C8CCA = {
						CreatedOnToolsVersion = 14.3.1;
						TestTargetID = EF1A2B8B2A3D595D002C8CCA;
					};
					EF1A2BAB2A3D595F002C8CCA = {
						CreatedOnToolsVersion = 14.3.1;
						TestTargetID = EF1A2B8B2A3D595D002C8CCA;
					};
				};
			};
			buildConfigurationList = EF1A2B872A3D595D002C8CCA /* Build configuration list for PBXProject "DripDropLearning" */;
			compatibilityVersion = "Xcode 14.0";
			developmentRegion = en;
			hasScannedForEncodings = 0;
			knownRegions = (
				en,
				Base,
			);
			mainGroup = EF1A2B832A3D595D002C8CCA;
			productRefGroup = EF1A2B8D2A3D595D002C8CCA /* Products */;
			projectDirPath = "";
			projectRoot = "";
			targets = (
				EF1A2B8B2A3D595D002C8CCA /* DripDropLearning */,
				EF1A2BA12A3D595F002C8CCA /* DripDropLearningTests */,
				EF1A2BAB2A3D595F002C8CCA /* DripDropLearningUITests */,
			);
		};
/* End PBXProject section */

/* Begin PBXResourcesBuildPhase section */
		EF1A2B8A2A3D595D002C8CCA /* Resources */ = {
			isa = PBXResourcesBuildPhase;
			buildActionMask = 2147483647;
			files = (
				EF1A2B9C2A3D595F002C8CCA /* LaunchScreen.storyboard in Resources */,
				EF1A2B992A3D595F002C8CCA /* Assets.xcassets in Resources */,
				EF1A2B972A3D595D002C8CCA /* Main.storyboard in Resources */,
			);
			runOnlyForDeploymentPostprocessing = 0;
		};
		EF1A2BA02A3D595F002C8CCA /* Resources */ = {
			isa = PBXResourcesBuildPhase;
			buildActionMask = 2147483647;
			files = (
			);
			runOnlyForDeploymentPostprocessing = 0;
		};
		EF1A2BAA2A3D595F002C8CCA /* Resources */ = {
			isa = PBXResourcesBuildPhase;
			buildActionMask = 2147483647;
			files = (
			);
			runOnlyForDeploymentPostprocessing = 0;
		};
/* End PBXResourcesBuildPhase section */

/* Begin PBXShellScriptBuildPhase section */
		7681798C7291652A391E0639 /* [CP] Embed Pods Frameworks */ = {
			isa = PBXShellScriptBuildPhase;
			buildActionMask = 2147483647;
			files = (
			);
			inputFileListPaths = (
				"${PODS_ROOT}/Target Support Files/Pods-DripDropLearning/Pods-DripDropLearning-frameworks-${CONFIGURATION}-input-files.xcfilelist",
			);
			name = "[CP] Embed Pods Frameworks";
			outputFileListPaths = (
				"${PODS_ROOT}/Target Support Files/Pods-DripDropLearning/Pods-DripDropLearning-frameworks-${CONFIGURATION}-output-files.xcfilelist",
			);
			runOnlyForDeploymentPostprocessing = 0;
			shellPath = /bin/sh;
			shellScript = "\"${PODS_ROOT}/Target Support Files/Pods-DripDropLearning/Pods-DripDropLearning-frameworks.sh\"\n";
			showEnvVarsInLog = 0;
		};
		8A6F0F4405FFEC1E4DE26704 /* [CP] Check Pods Manifest.lock */ = {
			isa = PBXShellScriptBuildPhase;
			buildActionMask = 2147483647;
			files = (
			);
			inputFileListPaths = (
			);
			inputPaths = (
				"${PODS_PODFILE_DIR_PATH}/Podfile.lock",
				"${PODS_ROOT}/Manifest.lock",
			);
			name = "[CP] Check Pods Manifest.lock";
			outputFileListPaths = (
			);
			outputPaths = (
				"$(DERIVED_FILE_DIR)/Pods-DripDropLearning-DripDropLearningUITests-checkManifestLockResult.txt",
			);
			runOnlyForDeploymentPostprocessing = 0;
			shellPath = /bin/sh;
			shellScript = "diff \"${PODS_PODFILE_DIR_PATH}/Podfile.lock\" \"${PODS_ROOT}/Manifest.lock\" > /dev/null\nif [ $? != 0 ] ; then\n    # print error to STDERR\n    echo \"error: The sandbox is not in sync with the Podfile.lock. Run 'pod install' or update your CocoaPods installation.\" >&2\n    exit 1\nfi\n# This output is used by Xcode 'outputs' to avoid re-running this script phase.\necho \"SUCCESS\" > \"${SCRIPT_OUTPUT_FILE_0}\"\n";
			showEnvVarsInLog = 0;
		};
		9F06EFBA7B15CE55D9003D64 /* [CP] Check Pods Manifest.lock */ = {
			isa = PBXShellScriptBuildPhase;
			buildActionMask = 2147483647;
			files = (
			);
			inputFileListPaths = (
			);
			inputPaths = (
				"${PODS_PODFILE_DIR_PATH}/Podfile.lock",
				"${PODS_ROOT}/Manifest.lock",
			);
			name = "[CP] Check Pods Manifest.lock";
			outputFileListPaths = (
			);
			outputPaths = (
				"$(DERIVED_FILE_DIR)/Pods-DripDropLearningTests-checkManifestLockResult.txt",
			);
			runOnlyForDeploymentPostprocessing = 0;
			shellPath = /bin/sh;
			shellScript = "diff \"${PODS_PODFILE_DIR_PATH}/Podfile.lock\" \"${PODS_ROOT}/Manifest.lock\" > /dev/null\nif [ $? != 0 ] ; then\n    # print error to STDERR\n    echo \"error: The sandbox is not in sync with the Podfile.lock. Run 'pod install' or update your CocoaPods installation.\" >&2\n    exit 1\nfi\n# This output is used by Xcode 'outputs' to avoid re-running this script phase.\necho \"SUCCESS\" > \"${SCRIPT_OUTPUT_FILE_0}\"\n";
			showEnvVarsInLog = 0;
		};
		EA682013F0F6B31A895B63A0 /* [CP] Embed Pods Frameworks */ = {
			isa = PBXShellScriptBuildPhase;
			buildActionMask = 2147483647;
			files = (
			);
			inputFileListPaths = (
				"${PODS_ROOT}/Target Support Files/Pods-DripDropLearning-DripDropLearningUITests/Pods-DripDropLearning-DripDropLearningUITests-frameworks-${CONFIGURATION}-input-files.xcfilelist",
			);
			name = "[CP] Embed Pods Frameworks";
			outputFileListPaths = (
				"${PODS_ROOT}/Target Support Files/Pods-DripDropLearning-DripDropLearningUITests/Pods-DripDropLearning-DripDropLearningUITests-frameworks-${CONFIGURATION}-output-files.xcfilelist",
			);
			runOnlyForDeploymentPostprocessing = 0;
			shellPath = /bin/sh;
			shellScript = "\"${PODS_ROOT}/Target Support Files/Pods-DripDropLearning-DripDropLearningUITests/Pods-DripDropLearning-DripDropLearningUITests-frameworks.sh\"\n";
			showEnvVarsInLog = 0;
		};
		F3F7A61723C177E3663ED4E1 /* [CP] Check Pods Manifest.lock */ = {
			isa = PBXShellScriptBuildPhase;
			buildActionMask = 2147483647;
			files = (
			);
			inputFileListPaths = (
			);
			inputPaths = (
				"${PODS_PODFILE_DIR_PATH}/Podfile.lock",
				"${PODS_ROOT}/Manifest.lock",
			);
			name = "[CP] Check Pods Manifest.lock";
			outputFileListPaths = (
			);
			outputPaths = (
				"$(DERIVED_FILE_DIR)/Pods-DripDropLearning-checkManifestLockResult.txt",
			);
			runOnlyForDeploymentPostprocessing = 0;
			shellPath = /bin/sh;
			shellScript = "diff \"${PODS_PODFILE_DIR_PATH}/Podfile.lock\" \"${PODS_ROOT}/Manifest.lock\" > /dev/null\nif [ $? != 0 ] ; then\n    # print error to STDERR\n    echo \"error: The sandbox is not in sync with the Podfile.lock. Run 'pod install' or update your CocoaPods installation.\" >&2\n    exit 1\nfi\n# This output is used by Xcode 'outputs' to avoid re-running this script phase.\necho \"SUCCESS\" > \"${SCRIPT_OUTPUT_FILE_0}\"\n";
			showEnvVarsInLog = 0;
		};
/* End PBXShellScriptBuildPhase section */

/* Begin PBXSourcesBuildPhase section */
		EF1A2B882A3D595D002C8CCA /* Sources */ = {
			isa = PBXSourcesBuildPhase;
			buildActionMask = 2147483647;
			files = (
				EF1A2B942A3D595D002C8CCA /* ViewController.swift in Sources */,
				EF1A2C1D2A4133C9002C8CCA /* HomeView.swift in Sources */,
				EF1A2BC72A412D03002C8CCA /* RegisterView.swift in Sources */,
				EF1A2B902A3D595D002C8CCA /* AppDelegate.swift in Sources */,
				0ADB383B2A484DEA00C64C5A /* Utils.swift in Sources */,
				EF1A2C132A413306002C8CCA /* SavedViewController.swift in Sources */,
				EF1A2BC92A412D11002C8CCA /* RegisterViewController.swift in Sources */,
				EF1A2BC32A412010002C8CCA /* LoginView.swift in Sources */,
				0ADB38392A48359C00C64C5A /* Post.swift in Sources */,
				EF1A2C152A413312002C8CCA /* SavedView.swift in Sources */,
				04BD706D2A429FE800342938 /* TableViewSavedActivityCell.swift in Sources */,
				04BD70692A42959200342938 /* TableViewActivityCell.swift in Sources */,
				0ADB38352A4825F800C64C5A /* UserDetails.swift in Sources */,
				0ADB38332A48226600C64C5A /* Register.swift in Sources */,
				0ADB38492A48779700C64C5A /* BathtubTableViewCell.swift in Sources */,
				EF1A2C212A4133E2002C8CCA /* FilterViewController.swift in Sources */,
				0ADB382D2A48175200C64C5A /* Login.swift in Sources */,
				0ADB38472A48778700C64C5A /* BathtubViewController.swift in Sources */,
				EF1A2C0B2A412F7C002C8CCA /* ProfileView.swift in Sources */,
				0ADB38452A48777C00C64C5A /* BathtubView.swift in Sources */,
				EF1A2C0D2A412F8C002C8CCA /* ProfileViewController.swift in Sources */,
				EF1A2C1B2A4133BD002C8CCA /* HomeViewController.swift in Sources */,
				EF1A2C1F2A4133D5002C8CCA /* FilterView.swift in Sources */,
				0ADB382F2A48185900C64C5A /* APIConfigs.swift in Sources */,
				EF1A2B922A3D595D002C8CCA /* SceneDelegate.swift in Sources */,
				0ADB38312A481C8300C64C5A /* User.swift in Sources */,
			);
			runOnlyForDeploymentPostprocessing = 0;
		};
		EF1A2B9E2A3D595F002C8CCA /* Sources */ = {
			isa = PBXSourcesBuildPhase;
			buildActionMask = 2147483647;
			files = (
				EF1A2BA72A3D595F002C8CCA /* DripDropLearningTests.swift in Sources */,
			);
			runOnlyForDeploymentPostprocessing = 0;
		};
		EF1A2BA82A3D595F002C8CCA /* Sources */ = {
			isa = PBXSourcesBuildPhase;
			buildActionMask = 2147483647;
			files = (
				EF1A2BB32A3D595F002C8CCA /* DripDropLearningUITestsLaunchTests.swift in Sources */,
				EF1A2BB12A3D595F002C8CCA /* DripDropLearningUITests.swift in Sources */,
			);
			runOnlyForDeploymentPostprocessing = 0;
		};
/* End PBXSourcesBuildPhase section */

/* Begin PBXTargetDependency section */
		EF1A2BA42A3D595F002C8CCA /* PBXTargetDependency */ = {
			isa = PBXTargetDependency;
			target = EF1A2B8B2A3D595D002C8CCA /* DripDropLearning */;
			targetProxy = EF1A2BA32A3D595F002C8CCA /* PBXContainerItemProxy */;
		};
		EF1A2BAE2A3D595F002C8CCA /* PBXTargetDependency */ = {
			isa = PBXTargetDependency;
			target = EF1A2B8B2A3D595D002C8CCA /* DripDropLearning */;
			targetProxy = EF1A2BAD2A3D595F002C8CCA /* PBXContainerItemProxy */;
		};
/* End PBXTargetDependency section */

/* Begin PBXVariantGroup section */
		EF1A2B952A3D595D002C8CCA /* Main.storyboard */ = {
			isa = PBXVariantGroup;
			children = (
				EF1A2B962A3D595D002C8CCA /* Base */,
			);
			name = Main.storyboard;
			sourceTree = "<group>";
		};
		EF1A2B9A2A3D595F002C8CCA /* LaunchScreen.storyboard */ = {
			isa = PBXVariantGroup;
			children = (
				EF1A2B9B2A3D595F002C8CCA /* Base */,
			);
			name = LaunchScreen.storyboard;
			sourceTree = "<group>";
		};
/* End PBXVariantGroup section */

/* Begin XCBuildConfiguration section */
		EF1A2BB42A3D595F002C8CCA /* Debug */ = {
			isa = XCBuildConfiguration;
			buildSettings = {
				ALWAYS_SEARCH_USER_PATHS = NO;
				CLANG_ANALYZER_NONNULL = YES;
				CLANG_ANALYZER_NUMBER_OBJECT_CONVERSION = YES_AGGRESSIVE;
				CLANG_CXX_LANGUAGE_STANDARD = "gnu++20";
				CLANG_ENABLE_MODULES = YES;
				CLANG_ENABLE_OBJC_ARC = YES;
				CLANG_ENABLE_OBJC_WEAK = YES;
				CLANG_WARN_BLOCK_CAPTURE_AUTORELEASING = YES;
				CLANG_WARN_BOOL_CONVERSION = YES;
				CLANG_WARN_COMMA = YES;
				CLANG_WARN_CONSTANT_CONVERSION = YES;
				CLANG_WARN_DEPRECATED_OBJC_IMPLEMENTATIONS = YES;
				CLANG_WARN_DIRECT_OBJC_ISA_USAGE = YES_ERROR;
				CLANG_WARN_DOCUMENTATION_COMMENTS = YES;
				CLANG_WARN_EMPTY_BODY = YES;
				CLANG_WARN_ENUM_CONVERSION = YES;
				CLANG_WARN_INFINITE_RECURSION = YES;
				CLANG_WARN_INT_CONVERSION = YES;
				CLANG_WARN_NON_LITERAL_NULL_CONVERSION = YES;
				CLANG_WARN_OBJC_IMPLICIT_RETAIN_SELF = YES;
				CLANG_WARN_OBJC_LITERAL_CONVERSION = YES;
				CLANG_WARN_OBJC_ROOT_CLASS = YES_ERROR;
				CLANG_WARN_QUOTED_INCLUDE_IN_FRAMEWORK_HEADER = YES;
				CLANG_WARN_RANGE_LOOP_ANALYSIS = YES;
				CLANG_WARN_STRICT_PROTOTYPES = YES;
				CLANG_WARN_SUSPICIOUS_MOVE = YES;
				CLANG_WARN_UNGUARDED_AVAILABILITY = YES_AGGRESSIVE;
				CLANG_WARN_UNREACHABLE_CODE = YES;
				CLANG_WARN__DUPLICATE_METHOD_MATCH = YES;
				COPY_PHASE_STRIP = NO;
				DEBUG_INFORMATION_FORMAT = dwarf;
				ENABLE_STRICT_OBJC_MSGSEND = YES;
				ENABLE_TESTABILITY = YES;
				GCC_C_LANGUAGE_STANDARD = gnu11;
				GCC_DYNAMIC_NO_PIC = NO;
				GCC_NO_COMMON_BLOCKS = YES;
				GCC_OPTIMIZATION_LEVEL = 0;
				GCC_PREPROCESSOR_DEFINITIONS = (
					"DEBUG=1",
					"$(inherited)",
				);
				GCC_WARN_64_TO_32_BIT_CONVERSION = YES;
				GCC_WARN_ABOUT_RETURN_TYPE = YES_ERROR;
				GCC_WARN_UNDECLARED_SELECTOR = YES;
				GCC_WARN_UNINITIALIZED_AUTOS = YES_AGGRESSIVE;
				GCC_WARN_UNUSED_FUNCTION = YES;
				GCC_WARN_UNUSED_VARIABLE = YES;
				IPHONEOS_DEPLOYMENT_TARGET = 16.4;
				MTL_ENABLE_DEBUG_INFO = INCLUDE_SOURCE;
				MTL_FAST_MATH = YES;
				ONLY_ACTIVE_ARCH = YES;
				SDKROOT = iphoneos;
				SWIFT_ACTIVE_COMPILATION_CONDITIONS = DEBUG;
				SWIFT_OPTIMIZATION_LEVEL = "-Onone";
			};
			name = Debug;
		};
		EF1A2BB52A3D595F002C8CCA /* Release */ = {
			isa = XCBuildConfiguration;
			buildSettings = {
				ALWAYS_SEARCH_USER_PATHS = NO;
				CLANG_ANALYZER_NONNULL = YES;
				CLANG_ANALYZER_NUMBER_OBJECT_CONVERSION = YES_AGGRESSIVE;
				CLANG_CXX_LANGUAGE_STANDARD = "gnu++20";
				CLANG_ENABLE_MODULES = YES;
				CLANG_ENABLE_OBJC_ARC = YES;
				CLANG_ENABLE_OBJC_WEAK = YES;
				CLANG_WARN_BLOCK_CAPTURE_AUTORELEASING = YES;
				CLANG_WARN_BOOL_CONVERSION = YES;
				CLANG_WARN_COMMA = YES;
				CLANG_WARN_CONSTANT_CONVERSION = YES;
				CLANG_WARN_DEPRECATED_OBJC_IMPLEMENTATIONS = YES;
				CLANG_WARN_DIRECT_OBJC_ISA_USAGE = YES_ERROR;
				CLANG_WARN_DOCUMENTATION_COMMENTS = YES;
				CLANG_WARN_EMPTY_BODY = YES;
				CLANG_WARN_ENUM_CONVERSION = YES;
				CLANG_WARN_INFINITE_RECURSION = YES;
				CLANG_WARN_INT_CONVERSION = YES;
				CLANG_WARN_NON_LITERAL_NULL_CONVERSION = YES;
				CLANG_WARN_OBJC_IMPLICIT_RETAIN_SELF = YES;
				CLANG_WARN_OBJC_LITERAL_CONVERSION = YES;
				CLANG_WARN_OBJC_ROOT_CLASS = YES_ERROR;
				CLANG_WARN_QUOTED_INCLUDE_IN_FRAMEWORK_HEADER = YES;
				CLANG_WARN_RANGE_LOOP_ANALYSIS = YES;
				CLANG_WARN_STRICT_PROTOTYPES = YES;
				CLANG_WARN_SUSPICIOUS_MOVE = YES;
				CLANG_WARN_UNGUARDED_AVAILABILITY = YES_AGGRESSIVE;
				CLANG_WARN_UNREACHABLE_CODE = YES;
				CLANG_WARN__DUPLICATE_METHOD_MATCH = YES;
				COPY_PHASE_STRIP = NO;
				DEBUG_INFORMATION_FORMAT = "dwarf-with-dsym";
				ENABLE_NS_ASSERTIONS = NO;
				ENABLE_STRICT_OBJC_MSGSEND = YES;
				GCC_C_LANGUAGE_STANDARD = gnu11;
				GCC_NO_COMMON_BLOCKS = YES;
				GCC_WARN_64_TO_32_BIT_CONVERSION = YES;
				GCC_WARN_ABOUT_RETURN_TYPE = YES_ERROR;
				GCC_WARN_UNDECLARED_SELECTOR = YES;
				GCC_WARN_UNINITIALIZED_AUTOS = YES_AGGRESSIVE;
				GCC_WARN_UNUSED_FUNCTION = YES;
				GCC_WARN_UNUSED_VARIABLE = YES;
				IPHONEOS_DEPLOYMENT_TARGET = 16.4;
				MTL_ENABLE_DEBUG_INFO = NO;
				MTL_FAST_MATH = YES;
				SDKROOT = iphoneos;
				SWIFT_COMPILATION_MODE = wholemodule;
				SWIFT_OPTIMIZATION_LEVEL = "-O";
				VALIDATE_PRODUCT = YES;
			};
			name = Release;
		};
		EF1A2BB72A3D595F002C8CCA /* Debug */ = {
			isa = XCBuildConfiguration;
			baseConfigurationReference = 992582098391EF280FC68865 /* Pods-DripDropLearning.debug.xcconfig */;
			buildSettings = {
				ASSETCATALOG_COMPILER_APPICON_NAME = AppIcon;
				ASSETCATALOG_COMPILER_GLOBAL_ACCENT_COLOR_NAME = AccentColor;
				CODE_SIGN_STYLE = Automatic;
				CURRENT_PROJECT_VERSION = 1;
				DEVELOPMENT_TEAM = JUZHXURNV8;
				GENERATE_INFOPLIST_FILE = YES;
				INFOPLIST_FILE = DripDropLearning/Info.plist;
				INFOPLIST_KEY_UIApplicationSupportsIndirectInputEvents = YES;
				INFOPLIST_KEY_UILaunchStoryboardName = LaunchScreen;
				INFOPLIST_KEY_UIMainStoryboardFile = Main;
				INFOPLIST_KEY_UISupportedInterfaceOrientations_iPad = "UIInterfaceOrientationPortrait UIInterfaceOrientationPortraitUpsideDown UIInterfaceOrientationLandscapeLeft UIInterfaceOrientationLandscapeRight";
				INFOPLIST_KEY_UISupportedInterfaceOrientations_iPhone = "UIInterfaceOrientationPortrait UIInterfaceOrientationLandscapeLeft UIInterfaceOrientationLandscapeRight";
				LD_RUNPATH_SEARCH_PATHS = (
					"$(inherited)",
					"@executable_path/Frameworks",
				);
				MARKETING_VERSION = 1.0;
				PRODUCT_BUNDLE_IDENTIFIER = com.nuios.DripDropLearning;
				PRODUCT_NAME = "$(TARGET_NAME)";
				SWIFT_EMIT_LOC_STRINGS = YES;
				SWIFT_VERSION = 5.0;
				TARGETED_DEVICE_FAMILY = "1,2";
			};
			name = Debug;
		};
		EF1A2BB82A3D595F002C8CCA /* Release */ = {
			isa = XCBuildConfiguration;
			baseConfigurationReference = F28B9FD1D14AE8893A51CB14 /* Pods-DripDropLearning.release.xcconfig */;
			buildSettings = {
				ASSETCATALOG_COMPILER_APPICON_NAME = AppIcon;
				ASSETCATALOG_COMPILER_GLOBAL_ACCENT_COLOR_NAME = AccentColor;
				CODE_SIGN_STYLE = Automatic;
				CURRENT_PROJECT_VERSION = 1;
				DEVELOPMENT_TEAM = JUZHXURNV8;
				GENERATE_INFOPLIST_FILE = YES;
				INFOPLIST_FILE = DripDropLearning/Info.plist;
				INFOPLIST_KEY_UIApplicationSupportsIndirectInputEvents = YES;
				INFOPLIST_KEY_UILaunchStoryboardName = LaunchScreen;
				INFOPLIST_KEY_UIMainStoryboardFile = Main;
				INFOPLIST_KEY_UISupportedInterfaceOrientations_iPad = "UIInterfaceOrientationPortrait UIInterfaceOrientationPortraitUpsideDown UIInterfaceOrientationLandscapeLeft UIInterfaceOrientationLandscapeRight";
				INFOPLIST_KEY_UISupportedInterfaceOrientations_iPhone = "UIInterfaceOrientationPortrait UIInterfaceOrientationLandscapeLeft UIInterfaceOrientationLandscapeRight";
				LD_RUNPATH_SEARCH_PATHS = (
					"$(inherited)",
					"@executable_path/Frameworks",
				);
				MARKETING_VERSION = 1.0;
				PRODUCT_BUNDLE_IDENTIFIER = com.nuios.DripDropLearning;
				PRODUCT_NAME = "$(TARGET_NAME)";
				SWIFT_EMIT_LOC_STRINGS = YES;
				SWIFT_VERSION = 5.0;
				TARGETED_DEVICE_FAMILY = "1,2";
			};
			name = Release;
		};
		EF1A2BBA2A3D595F002C8CCA /* Debug */ = {
			isa = XCBuildConfiguration;
			baseConfigurationReference = 60E9E344203A1D1CC76D0612 /* Pods-DripDropLearningTests.debug.xcconfig */;
			buildSettings = {
				ALWAYS_EMBED_SWIFT_STANDARD_LIBRARIES = YES;
				BUNDLE_LOADER = "$(TEST_HOST)";
				CODE_SIGN_STYLE = Automatic;
				CURRENT_PROJECT_VERSION = 1;
				DEVELOPMENT_TEAM = JUZHXURNV8;
				GENERATE_INFOPLIST_FILE = YES;
				IPHONEOS_DEPLOYMENT_TARGET = 16.4;
				MARKETING_VERSION = 1.0;
				PRODUCT_BUNDLE_IDENTIFIER = com.nuios.DripDropLearningTests;
				PRODUCT_NAME = "$(TARGET_NAME)";
				SWIFT_EMIT_LOC_STRINGS = NO;
				SWIFT_VERSION = 5.0;
				TARGETED_DEVICE_FAMILY = "1,2";
				TEST_HOST = "$(BUILT_PRODUCTS_DIR)/DripDropLearning.app/$(BUNDLE_EXECUTABLE_FOLDER_PATH)/DripDropLearning";
			};
			name = Debug;
		};
		EF1A2BBB2A3D595F002C8CCA /* Release */ = {
			isa = XCBuildConfiguration;
			baseConfigurationReference = 38E48EFF2624BE885703CFAA /* Pods-DripDropLearningTests.release.xcconfig */;
			buildSettings = {
				ALWAYS_EMBED_SWIFT_STANDARD_LIBRARIES = YES;
				BUNDLE_LOADER = "$(TEST_HOST)";
				CODE_SIGN_STYLE = Automatic;
				CURRENT_PROJECT_VERSION = 1;
				DEVELOPMENT_TEAM = JUZHXURNV8;
				GENERATE_INFOPLIST_FILE = YES;
				IPHONEOS_DEPLOYMENT_TARGET = 16.4;
				MARKETING_VERSION = 1.0;
				PRODUCT_BUNDLE_IDENTIFIER = com.nuios.DripDropLearningTests;
				PRODUCT_NAME = "$(TARGET_NAME)";
				SWIFT_EMIT_LOC_STRINGS = NO;
				SWIFT_VERSION = 5.0;
				TARGETED_DEVICE_FAMILY = "1,2";
				TEST_HOST = "$(BUILT_PRODUCTS_DIR)/DripDropLearning.app/$(BUNDLE_EXECUTABLE_FOLDER_PATH)/DripDropLearning";
			};
			name = Release;
		};
		EF1A2BBD2A3D595F002C8CCA /* Debug */ = {
			isa = XCBuildConfiguration;
			baseConfigurationReference = 2C144BBC8C4F26773263E0EB /* Pods-DripDropLearning-DripDropLearningUITests.debug.xcconfig */;
			buildSettings = {
				ALWAYS_EMBED_SWIFT_STANDARD_LIBRARIES = YES;
				CODE_SIGN_STYLE = Automatic;
				CURRENT_PROJECT_VERSION = 1;
				DEVELOPMENT_TEAM = JUZHXURNV8;
				GENERATE_INFOPLIST_FILE = YES;
				MARKETING_VERSION = 1.0;
				PRODUCT_BUNDLE_IDENTIFIER = com.nuios.DripDropLearningUITests;
				PRODUCT_NAME = "$(TARGET_NAME)";
				SWIFT_EMIT_LOC_STRINGS = NO;
				SWIFT_VERSION = 5.0;
				TARGETED_DEVICE_FAMILY = "1,2";
				TEST_TARGET_NAME = DripDropLearning;
			};
			name = Debug;
		};
		EF1A2BBE2A3D595F002C8CCA /* Release */ = {
			isa = XCBuildConfiguration;
			baseConfigurationReference = 62F26C157EA78F7899C520F0 /* Pods-DripDropLearning-DripDropLearningUITests.release.xcconfig */;
			buildSettings = {
				ALWAYS_EMBED_SWIFT_STANDARD_LIBRARIES = YES;
				CODE_SIGN_STYLE = Automatic;
				CURRENT_PROJECT_VERSION = 1;
				DEVELOPMENT_TEAM = JUZHXURNV8;
				GENERATE_INFOPLIST_FILE = YES;
				MARKETING_VERSION = 1.0;
				PRODUCT_BUNDLE_IDENTIFIER = com.nuios.DripDropLearningUITests;
				PRODUCT_NAME = "$(TARGET_NAME)";
				SWIFT_EMIT_LOC_STRINGS = NO;
				SWIFT_VERSION = 5.0;
				TARGETED_DEVICE_FAMILY = "1,2";
				TEST_TARGET_NAME = DripDropLearning;
			};
			name = Release;
		};
/* End XCBuildConfiguration section */

/* Begin XCConfigurationList section */
		EF1A2B872A3D595D002C8CCA /* Build configuration list for PBXProject "DripDropLearning" */ = {
			isa = XCConfigurationList;
			buildConfigurations = (
				EF1A2BB42A3D595F002C8CCA /* Debug */,
				EF1A2BB52A3D595F002C8CCA /* Release */,
			);
			defaultConfigurationIsVisible = 0;
			defaultConfigurationName = Release;
		};
		EF1A2BB62A3D595F002C8CCA /* Build configuration list for PBXNativeTarget "DripDropLearning" */ = {
			isa = XCConfigurationList;
			buildConfigurations = (
				EF1A2BB72A3D595F002C8CCA /* Debug */,
				EF1A2BB82A3D595F002C8CCA /* Release */,
			);
			defaultConfigurationIsVisible = 0;
			defaultConfigurationName = Release;
		};
		EF1A2BB92A3D595F002C8CCA /* Build configuration list for PBXNativeTarget "DripDropLearningTests" */ = {
			isa = XCConfigurationList;
			buildConfigurations = (
				EF1A2BBA2A3D595F002C8CCA /* Debug */,
				EF1A2BBB2A3D595F002C8CCA /* Release */,
			);
			defaultConfigurationIsVisible = 0;
			defaultConfigurationName = Release;
		};
		EF1A2BBC2A3D595F002C8CCA /* Build configuration list for PBXNativeTarget "DripDropLearningUITests" */ = {
			isa = XCConfigurationList;
			buildConfigurations = (
				EF1A2BBD2A3D595F002C8CCA /* Debug */,
				EF1A2BBE2A3D595F002C8CCA /* Release */,
			);
			defaultConfigurationIsVisible = 0;
			defaultConfigurationName = Release;
		};
/* End XCConfigurationList section */
	};
	rootObject = EF1A2B842A3D595D002C8CCA /* Project object */;
}
